
Microsoft Visual Studio Solution File, Format Version 12.00
# Visual Studio 15
Project("{FAE04EC0-301F-11D3-BF4B-00C04F79EFBC}") = "UnityEngine.TestRunner", "UnityEngine.TestRunner.csproj", "{05AC4329-21A7-D6FA-AB23-42FDB6B780EE}"
EndProject
Project("{FAE04EC0-301F-11D3-BF4B-00C04F79EFBC}") = "Unity.VisualScripting.Flow", "Unity.VisualScripting.Flow.csproj", "{B6BE1398-97F3-AEDF-F9D5-10CC28CE79A9}"
EndProject
Project("{FAE04EC0-301F-11D3-BF4B-00C04F79EFBC}") = "Unity.VisualScripting.State", "Unity.VisualScripting.State.csproj", "{6AD37CF1-DF39-F39E-67B7-15D537C51E7D}"
EndProject
Project("{FAE04EC0-301F-11D3-BF4B-00C04F79EFBC}") = "Unity.VisualScripting.Core", "Unity.VisualScripting.Core.csproj", "{5D2411FE-25EE-4862-6FED-09984968A676}"
EndProject
Project("{FAE04EC0-301F-11D3-BF4B-00C04F79EFBC}") = "Unity.TextMeshPro", "Unity.TextMeshPro.csproj", "{BF9D1799-23A9-F942-989D-484FD7110C0A}"
EndProject
Project("{FAE04EC0-301F-11D3-BF4B-00C04F79EFBC}") = "Unity.Timeline", "Unity.Timeline.csproj", "{E0D38060-19F2-D3DB-84E7-6F32BABBA7E2}"
EndProject
Project("{FAE04EC0-301F-11D3-BF4B-00C04F79EFBC}") = "TTWebGL", "TTWebGL.csproj", "{4F1D0944-6123-EDA5-D128-40046B083373}"
EndProject
Project("{FAE04EC0-301F-11D3-BF4B-00C04F79EFBC}") = "Assembly-CSharp", "Assembly-CSharp.csproj", "{D4D9B73A-8F47-A531-ABAF-829D4B2FD0BA}"
EndProject
Project("{FAE04EC0-301F-11D3-BF4B-00C04F79EFBC}") = "TTLitJson", "TTLitJson.csproj", "{85138640-0132-84DC-C439-9D134D7E5E6B}"
EndProject
Project("{FAE04EC0-301F-11D3-BF4B-00C04F79EFBC}") = "Unity.PlasticSCM.Editor", "Unity.PlasticSCM.Editor.csproj", "{EC644224-3297-B343-F5E2-50B0C7A42654}"
EndProject
Project("{FAE04EC0-301F-11D3-BF4B-00C04F79EFBC}") = "Unity.VisualScripting.Core.Editor", "Unity.VisualScripting.Core.Editor.csproj", "{B631843A-F1C1-E95A-1FF3-937F899A63C0}"
EndProject
Project("{FAE04EC0-301F-11D3-BF4B-00C04F79EFBC}") = "Unity.VisualScripting.Flow.Editor", "Unity.VisualScripting.Flow.Editor.csproj", "{EE592EB7-C5F1-C0A7-C808-FE6C371BB29F}"
EndProject
Project("{FAE04EC0-301F-11D3-BF4B-00C04F79EFBC}") = "Unity.VisualStudio.Editor", "Unity.VisualStudio.Editor.csproj", "{0DF0AD2E-249B-ED1D-514B-EA32E7D734C6}"
EndProject
Project("{FAE04EC0-301F-11D3-BF4B-00C04F79EFBC}") = "Unity.Timeline.Editor", "Unity.Timeline.Editor.csproj", "{88D72DDD-E230-EF1D-2B02-76BB3344865C}"
EndProject
Project("{FAE04EC0-301F-11D3-BF4B-00C04F79EFBC}") = "Unity.VisualScripting.State.Editor", "Unity.VisualScripting.State.Editor.csproj", "{B459DF54-4040-DE71-A11F-21FED8DDAD32}"
EndProject
Project("{FAE04EC0-301F-11D3-BF4B-00C04F79EFBC}") = "Unity.TextMeshPro.Editor", "Unity.TextMeshPro.Editor.csproj", "{87AF1F7E-B7FA-ACC1-9FBE-C0B48DF1CF2F}"
EndProject
Project("{FAE04EC0-301F-11D3-BF4B-00C04F79EFBC}") = "Unity.VisualScripting.SettingsProvider.Editor", "Unity.VisualScripting.SettingsProvider.Editor.csproj", "{572E3FC9-E5B6-65EB-6EFE-DFFA57FCC18F}"
EndProject
Project("{FAE04EC0-301F-11D3-BF4B-00C04F79EFBC}") = "UnityEditor.TestRunner", "UnityEditor.TestRunner.csproj", "{D09D7EF8-D764-A1E7-E975-BB8786D80986}"
EndProject
Project("{FAE04EC0-301F-11D3-BF4B-00C04F79EFBC}") = "Unity.TestTools.CodeCoverage.Editor", "Unity.TestTools.CodeCoverage.Editor.csproj", "{E39D4822-EA49-A918-165B-1E3D66AB5B95}"
EndProject
Project("{FAE04EC0-301F-11D3-BF4B-00C04F79EFBC}") = "Unity.Rider.Editor", "Unity.Rider.Editor.csproj", "{3B1520FA-4E92-A75C-06C3-4DA86EB86A81}"
EndProject
Project("{FAE04EC0-301F-11D3-BF4B-00C04F79EFBC}") = "Unity.Performance.Profile-Analyzer.Editor", "Unity.Performance.Profile-Analyzer.Editor.csproj", "{569F5B7F-B4EF-217A-79FD-B52B22598151}"
EndProject
Project("{FAE04EC0-301F-11D3-BF4B-00C04F79EFBC}") = "Unity.VSCode.Editor", "Unity.VSCode.Editor.csproj", "{E2461278-6B01-A879-5670-1C56E13E87F1}"
EndProject
Project("{FAE04EC0-301F-11D3-BF4B-00C04F79EFBC}") = "Unity.TestTools.CodeCoverage.Editor.OpenCover.Model", "Unity.TestTools.CodeCoverage.Editor.OpenCover.Model.csproj", "{A2242554-6724-2896-8838-4CEB7141498A}"
EndProject
Project("{FAE04EC0-301F-11D3-BF4B-00C04F79EFBC}") = "Unity.EditorCoroutines.Editor", "Unity.EditorCoroutines.Editor.csproj", "{9FFCCB41-845D-1F4B-5B7B-3CD834381567}"
EndProject
Project("{FAE04EC0-301F-11D3-BF4B-00C04F79EFBC}") = "Unity.Settings.Editor", "Unity.Settings.Editor.csproj", "{A86B28AE-428D-7F8F-AE37-6544737DB6E5}"
EndProject
Project("{FAE04EC0-301F-11D3-BF4B-00C04F79EFBC}") = "Unity.CollabProxy.Editor", "Unity.CollabProxy.Editor.csproj", "{0C03C47D-4865-7B03-CC1D-79B0A8D47731}"
EndProject
Project("{FAE04EC0-301F-11D3-BF4B-00C04F79EFBC}") = "com.bytedance.ttsdk-editor", "com.bytedance.ttsdk-editor.csproj", "{938F50F9-3468-0CB3-8732-1D259CC97D56}"
EndProject
Project("{FAE04EC0-301F-11D3-BF4B-00C04F79EFBC}") = "Unity.TestTools.CodeCoverage.Editor.OpenCover.Mono.Reflection", "Unity.TestTools.CodeCoverage.Editor.OpenCover.Mono.Reflection.csproj", "{E49B3582-7520-1929-D274-08F1EACE1262}"
EndProject
Project("{FAE04EC0-301F-11D3-BF4B-00C04F79EFBC}") = "Unity.VisualScripting.Shared.Editor", "Unity.VisualScripting.Shared.Editor.csproj", "{89BD235C-2C0B-1A98-49B4-8348BC83FCA9}"
EndProject
Global
	GlobalSection(SolutionConfigurationPlatforms) = preSolution
		Debug|Any CPU = Debug|Any CPU
		Release|Any CPU = Release|Any CPU
	EndGlobalSection
	GlobalSection(ProjectConfigurationPlatforms) = postSolution
		{05AC4329-21A7-D6FA-AB23-42FDB6B780EE}.Debug|Any CPU.ActiveCfg = Debug|Any CPU
		{05AC4329-21A7-D6FA-AB23-42FDB6B780EE}.Debug|Any CPU.Build.0 = Debug|Any CPU
		{05AC4329-21A7-D6FA-AB23-42FDB6B780EE}.Release|Any CPU.ActiveCfg = Release|Any CPU
		{05AC4329-21A7-D6FA-AB23-42FDB6B780EE}.Release|Any CPU.Build.0 = Release|Any CPU
		{B6BE1398-97F3-AEDF-F9D5-10CC28CE79A9}.Debug|Any CPU.ActiveCfg = Debug|Any CPU
		{B6BE1398-97F3-AEDF-F9D5-10CC28CE79A9}.Debug|Any CPU.Build.0 = Debug|Any CPU
		{B6BE1398-97F3-AEDF-F9D5-10CC28CE79A9}.Release|Any CPU.ActiveCfg = Release|Any CPU
		{B6BE1398-97F3-AEDF-F9D5-10CC28CE79A9}.Release|Any CPU.Build.0 = Release|Any CPU
		{6AD37CF1-DF39-F39E-67B7-15D537C51E7D}.Debug|Any CPU.ActiveCfg = Debug|Any CPU
		{6AD37CF1-DF39-F39E-67B7-15D537C51E7D}.Debug|Any CPU.Build.0 = Debug|Any CPU
		{6AD37CF1-DF39-F39E-67B7-15D537C51E7D}.Release|Any CPU.ActiveCfg = Release|Any CPU
		{6AD37CF1-DF39-F39E-67B7-15D537C51E7D}.Release|Any CPU.Build.0 = Release|Any CPU
		{5D2411FE-25EE-4862-6FED-09984968A676}.Debug|Any CPU.ActiveCfg = Debug|Any CPU
		{5D2411FE-25EE-4862-6FED-09984968A676}.Debug|Any CPU.Build.0 = Debug|Any CPU
		{5D2411FE-25EE-4862-6FED-09984968A676}.Release|Any CPU.ActiveCfg = Release|Any CPU
		{5D2411FE-25EE-4862-6FED-09984968A676}.Release|Any CPU.Build.0 = Release|Any CPU
		{BF9D1799-23A9-F942-989D-484FD7110C0A}.Debug|Any CPU.ActiveCfg = Debug|Any CPU
		{BF9D1799-23A9-F942-989D-484FD7110C0A}.Debug|Any CPU.Build.0 = Debug|Any CPU
		{BF9D1799-23A9-F942-989D-484FD7110C0A}.Release|Any CPU.ActiveCfg = Release|Any CPU
		{BF9D1799-23A9-F942-989D-484FD7110C0A}.Release|Any CPU.Build.0 = Release|Any CPU
		{E0D38060-19F2-D3DB-84E7-6F32BABBA7E2}.Debug|Any CPU.ActiveCfg = Debug|Any CPU
		{E0D38060-19F2-D3DB-84E7-6F32BABBA7E2}.Debug|Any CPU.Build.0 = Debug|Any CPU
		{E0D38060-19F2-D3DB-84E7-6F32BABBA7E2}.Release|Any CPU.ActiveCfg = Release|Any CPU
		{E0D38060-19F2-D3DB-84E7-6F32BABBA7E2}.Release|Any CPU.Build.0 = Release|Any CPU
		{4F1D0944-6123-EDA5-D128-40046B083373}.Debug|Any CPU.ActiveCfg = Debug|Any CPU
		{4F1D0944-6123-EDA5-D128-40046B083373}.Debug|Any CPU.Build.0 = Debug|Any CPU
		{4F1D0944-6123-EDA5-D128-40046B083373}.Release|Any CPU.ActiveCfg = Release|Any CPU
		{4F1D0944-6123-EDA5-D128-40046B083373}.Release|Any CPU.Build.0 = Release|Any CPU
		{D4D9B73A-8F47-A531-ABAF-829D4B2FD0BA}.Debug|Any CPU.ActiveCfg = Debug|Any CPU
		{D4D9B73A-8F47-A531-ABAF-829D4B2FD0BA}.Debug|Any CPU.Build.0 = Debug|Any CPU
		{D4D9B73A-8F47-A531-ABAF-829D4B2FD0BA}.Release|Any CPU.ActiveCfg = Release|Any CPU
		{D4D9B73A-8F47-A531-ABAF-829D4B2FD0BA}.Release|Any CPU.Build.0 = Release|Any CPU
		{85138640-0132-84DC-C439-9D134D7E5E6B}.Debug|Any CPU.ActiveCfg = Debug|Any CPU
		{85138640-0132-84DC-C439-9D134D7E5E6B}.Debug|Any CPU.Build.0 = Debug|Any CPU
		{85138640-0132-84DC-C439-9D134D7E5E6B}.Release|Any CPU.ActiveCfg = Release|Any CPU
		{85138640-0132-84DC-C439-9D134D7E5E6B}.Release|Any CPU.Build.0 = Release|Any CPU
		{EC644224-3297-B343-F5E2-50B0C7A42654}.Debug|Any CPU.ActiveCfg = Debug|Any CPU
		{EC644224-3297-B343-F5E2-50B0C7A42654}.Debug|Any CPU.Build.0 = Debug|Any CPU
		{EC644224-3297-B343-F5E2-50B0C7A42654}.Release|Any CPU.ActiveCfg = Release|Any CPU
		{EC644224-3297-B343-F5E2-50B0C7A42654}.Release|Any CPU.Build.0 = Release|Any CPU
		{B631843A-F1C1-E95A-1FF3-937F899A63C0}.Debug|Any CPU.ActiveCfg = Debug|Any CPU
		{B631843A-F1C1-E95A-1FF3-937F899A63C0}.Debug|Any CPU.Build.0 = Debug|Any CPU
		{B631843A-F1C1-E95A-1FF3-937F899A63C0}.Release|Any CPU.ActiveCfg = Release|Any CPU
		{B631843A-F1C1-E95A-1FF3-937F899A63C0}.Release|Any CPU.Build.0 = Release|Any CPU
		{EE592EB7-C5F1-C0A7-C808-FE6C371BB29F}.Debug|Any CPU.ActiveCfg = Debug|Any CPU
		{EE592EB7-C5F1-C0A7-C808-FE6C371BB29F}.Debug|Any CPU.Build.0 = Debug|Any CPU
		{EE592EB7-C5F1-C0A7-C808-FE6C371BB29F}.Release|Any CPU.ActiveCfg = Release|Any CPU
		{EE592EB7-C5F1-C0A7-C808-FE6C371BB29F}.Release|Any CPU.Build.0 = Release|Any CPU
		{0DF0AD2E-249B-ED1D-514B-EA32E7D734C6}.Debug|Any CPU.ActiveCfg = Debug|Any CPU
		{0DF0AD2E-249B-ED1D-514B-EA32E7D734C6}.Debug|Any CPU.Build.0 = Debug|Any CPU
		{0DF0AD2E-249B-ED1D-514B-EA32E7D734C6}.Release|Any CPU.ActiveCfg = Release|Any CPU
		{0DF0AD2E-249B-ED1D-514B-EA32E7D734C6}.Release|Any CPU.Build.0 = Release|Any CPU
		{88D72DDD-E230-EF1D-2B02-76BB3344865C}.Debug|Any CPU.ActiveCfg = Debug|Any CPU
		{88D72DDD-E230-EF1D-2B02-76BB3344865C}.Debug|Any CPU.Build.0 = Debug|Any CPU
		{88D72DDD-E230-EF1D-2B02-76BB3344865C}.Release|Any CPU.ActiveCfg = Release|Any CPU
		{88D72DDD-E230-EF1D-2B02-76BB3344865C}.Release|Any CPU.Build.0 = Release|Any CPU
		{B459DF54-4040-DE71-A11F-21FED8DDAD32}.Debug|Any CPU.ActiveCfg = Debug|Any CPU
		{B459DF54-4040-DE71-A11F-21FED8DDAD32}.Debug|Any CPU.Build.0 = Debug|Any CPU
		{B459DF54-4040-DE71-A11F-21FED8DDAD32}.Release|Any CPU.ActiveCfg = Release|Any CPU
		{B459DF54-4040-DE71-A11F-21FED8DDAD32}.Release|Any CPU.Build.0 = Release|Any CPU
		{87AF1F7E-B7FA-ACC1-9FBE-C0B48DF1CF2F}.Debug|Any CPU.ActiveCfg = Debug|Any CPU
		{87AF1F7E-B7FA-ACC1-9FBE-C0B48DF1CF2F}.Debug|Any CPU.Build.0 = Debug|Any CPU
		{87AF1F7E-B7FA-ACC1-9FBE-C0B48DF1CF2F}.Release|Any CPU.ActiveCfg = Release|Any CPU
		{87AF1F7E-B7FA-ACC1-9FBE-C0B48DF1CF2F}.Release|Any CPU.Build.0 = Release|Any CPU
		{572E3FC9-E5B6-65EB-6EFE-DFFA57FCC18F}.Debug|Any CPU.ActiveCfg = Debug|Any CPU
		{572E3FC9-E5B6-65EB-6EFE-DFFA57FCC18F}.Debug|Any CPU.Build.0 = Debug|Any CPU
		{572E3FC9-E5B6-65EB-6EFE-DFFA57FCC18F}.Release|Any CPU.ActiveCfg = Release|Any CPU
		{572E3FC9-E5B6-65EB-6EFE-DFFA57FCC18F}.Release|Any CPU.Build.0 = Release|Any CPU
		{D09D7EF8-D764-A1E7-E975-BB8786D80986}.Debug|Any CPU.ActiveCfg = Debug|Any CPU
		{D09D7EF8-D764-A1E7-E975-BB8786D80986}.Debug|Any CPU.Build.0 = Debug|Any CPU
		{D09D7EF8-D764-A1E7-E975-BB8786D80986}.Release|Any CPU.ActiveCfg = Release|Any CPU
		{D09D7EF8-D764-A1E7-E975-BB8786D80986}.Release|Any CPU.Build.0 = Release|Any CPU
		{E39D4822-EA49-A918-165B-1E3D66AB5B95}.Debug|Any CPU.ActiveCfg = Debug|Any CPU
		{E39D4822-EA49-A918-165B-1E3D66AB5B95}.Debug|Any CPU.Build.0 = Debug|Any CPU
		{E39D4822-EA49-A918-165B-1E3D66AB5B95}.Release|Any CPU.ActiveCfg = Release|Any CPU
		{E39D4822-EA49-A918-165B-1E3D66AB5B95}.Release|Any CPU.Build.0 = Release|Any CPU
		{3B1520FA-4E92-A75C-06C3-4DA86EB86A81}.Debug|Any CPU.ActiveCfg = Debug|Any CPU
		{3B1520FA-4E92-A75C-06C3-4DA86EB86A81}.Debug|Any CPU.Build.0 = Debug|Any CPU
		{3B1520FA-4E92-A75C-06C3-4DA86EB86A81}.Release|Any CPU.ActiveCfg = Release|Any CPU
		{3B1520FA-4E92-A75C-06C3-4DA86EB86A81}.Release|Any CPU.Build.0 = Release|Any CPU
		{569F5B7F-B4EF-217A-79FD-B52B22598151}.Debug|Any CPU.ActiveCfg = Debug|Any CPU
		{569F5B7F-B4EF-217A-79FD-B52B22598151}.Debug|Any CPU.Build.0 = Debug|Any CPU
		{569F5B7F-B4EF-217A-79FD-B52B22598151}.Release|Any CPU.ActiveCfg = Release|Any CPU
		{569F5B7F-B4EF-217A-79FD-B52B22598151}.Release|Any CPU.Build.0 = Release|Any CPU
		{E2461278-6B01-A879-5670-1C56E13E87F1}.Debug|Any CPU.ActiveCfg = Debug|Any CPU
		{E2461278-6B01-A879-5670-1C56E13E87F1}.Debug|Any CPU.Build.0 = Debug|Any CPU
		{E2461278-6B01-A879-5670-1C56E13E87F1}.Release|Any CPU.ActiveCfg = Release|Any CPU
		{E2461278-6B01-A879-5670-1C56E13E87F1}.Release|Any CPU.Build.0 = Release|Any CPU
		{A2242554-6724-2896-8838-4CEB7141498A}.Debug|Any CPU.ActiveCfg = Debug|Any CPU
		{A2242554-6724-2896-8838-4CEB7141498A}.Debug|Any CPU.Build.0 = Debug|Any CPU
		{A2242554-6724-2896-8838-4CEB7141498A}.Release|Any CPU.ActiveCfg = Release|Any CPU
		{A2242554-6724-2896-8838-4CEB7141498A}.Release|Any CPU.Build.0 = Release|Any CPU
		{9FFCCB41-845D-1F4B-5B7B-3CD834381567}.Debug|Any CPU.ActiveCfg = Debug|Any CPU
		{9FFCCB41-845D-1F4B-5B7B-3CD834381567}.Debug|Any CPU.Build.0 = Debug|Any CPU
		{9FFCCB41-845D-1F4B-5B7B-3CD834381567}.Release|Any CPU.ActiveCfg = Release|Any CPU
		{9FFCCB41-845D-1F4B-5B7B-3CD834381567}.Release|Any CPU.Build.0 = Release|Any CPU
		{A86B28AE-428D-7F8F-AE37-6544737DB6E5}.Debug|Any CPU.ActiveCfg = Debug|Any CPU
		{A86B28AE-428D-7F8F-AE37-6544737DB6E5}.Debug|Any CPU.Build.0 = Debug|Any CPU
		{A86B28AE-428D-7F8F-AE37-6544737DB6E5}.Release|Any CPU.ActiveCfg = Release|Any CPU
		{A86B28AE-428D-7F8F-AE37-6544737DB6E5}.Release|Any CPU.Build.0 = Release|Any CPU
		{0C03C47D-4865-7B03-CC1D-79B0A8D47731}.Debug|Any CPU.ActiveCfg = Debug|Any CPU
		{0C03C47D-4865-7B03-CC1D-79B0A8D47731}.Debug|Any CPU.Build.0 = Debug|Any CPU
		{0C03C47D-4865-7B03-CC1D-79B0A8D47731}.Release|Any CPU.ActiveCfg = Release|Any CPU
		{0C03C47D-4865-7B03-CC1D-79B0A8D47731}.Release|Any CPU.Build.0 = Release|Any CPU
		{938F50F9-3468-0CB3-8732-1D259CC97D56}.Debug|Any CPU.ActiveCfg = Debug|Any CPU
		{938F50F9-3468-0CB3-8732-1D259CC97D56}.Debug|Any CPU.Build.0 = Debug|Any CPU
		{938F50F9-3468-0CB3-8732-1D259CC97D56}.Release|Any CPU.ActiveCfg = Release|Any CPU
		{938F50F9-3468-0CB3-8732-1D259CC97D56}.Release|Any CPU.Build.0 = Release|Any CPU
		{E49B3582-7520-1929-D274-08F1EACE1262}.Debug|Any CPU.ActiveCfg = Debug|Any CPU
		{E49B3582-7520-1929-D274-08F1EACE1262}.Debug|Any CPU.Build.0 = Debug|Any CPU
		{E49B3582-7520-1929-D274-08F1EACE1262}.Release|Any CPU.ActiveCfg = Release|Any CPU
		{E49B3582-7520-1929-D274-08F1EACE1262}.Release|Any CPU.Build.0 = Release|Any CPU
		{89BD235C-2C0B-1A98-49B4-8348BC83FCA9}.Debug|Any CPU.ActiveCfg = Debug|Any CPU
		{89BD235C-2C0B-1A98-49B4-8348BC83FCA9}.Debug|Any CPU.Build.0 = Debug|Any CPU
		{89BD235C-2C0B-1A98-49B4-8348BC83FCA9}.Release|Any CPU.ActiveCfg = Release|Any CPU
		{89BD235C-2C0B-1A98-49B4-8348BC83FCA9}.Release|Any CPU.Build.0 = Release|Any CPU
	EndGlobalSection
	GlobalSection(SolutionProperties) = preSolution
		HideSolutionNode = FALSE
	EndGlobalSection
EndGlobal
